
Microsoft Visual Studio Solution File, Format Version 12.00
# Visual Studio Version 16
VisualStudioVersion = 16.0.30621.155
MinimumVisualStudioVersion = 10.0.40219.1
Project("{2150E333-8FDC-42A3-9474-1A3956D46DE8}") = "MsSqlServer", "MsSqlServer", "{8668E7C8-DE65-4421-B86A-5B8EB14779CE}"
EndProject
Project("{9A19103F-16F7-4668-BE54-9A1E7A4F7556}") = "Restaurant.Back.DAL.MsSqlServer", "Restaurant.Back.DAL.MsSqlServer\Restaurant.Back.DAL.MsSqlServer.csproj", "{02640D80-4928-46AE-953A-CC0123EDCC91}"
EndProject
Project("{9A19103F-16F7-4668-BE54-9A1E7A4F7556}") = "Restaurant.Back.BLL.MsSqlServer", "Restaurant.Back.BLL.MsSqlServer\Restaurant.Back.BLL.MsSqlServer.csproj", "{3DCAA959-CC29-4FD3-AB06-6B7FB42FC791}"
EndProject
Project("{9A19103F-16F7-4668-BE54-9A1E7A4F7556}") = "Restaurant.Back.Repository", "Restaurant.Back.Repository\Restaurant.Back.Repository.csproj", "{D1DE900B-FB34-4BE4-A316-1116C374EBE3}"
EndProject
Project("{9A19103F-16F7-4668-BE54-9A1E7A4F7556}") = "Restaurant.Back.BLL", "Restaurant.Back.BLL\Restaurant.Back.BLL.csproj", "{42839305-1223-4E85-9902-D1A08E61C3A6}"
EndProject
Project("{9A19103F-16F7-4668-BE54-9A1E7A4F7556}") = "Restaurant.Back.Infrastructure", "Restaurant.Back.Infrastructure\Restaurant.Back.Infrastructure.csproj", "{124EA76D-F68D-49D2-B48B-BD7EB0721575}"
EndProject
Project("{9A19103F-16F7-4668-BE54-9A1E7A4F7556}") = "Restaurant.Back.Api", "Restaurant.Back.Api\Restaurant.Back.Api.csproj", "{27A17373-3DAC-4542-95FB-C5918040B198}"
EndProject
Project("{2150E333-8FDC-42A3-9474-1A3956D46DE8}") = "MsSqlServer", "MsSqlServer", "{E5D0E9BB-2B13-4EC9-A890-C74494548DA3}"
EndProject
Project("{9A19103F-16F7-4668-BE54-9A1E7A4F7556}") = "Restaurant.Front.BLL", "Restaurant.Front.BLL\Restaurant.Front.BLL.csproj", "{093A9D3A-50CE-4862-9741-EF1545A3875D}"
EndProject
Project("{9A19103F-16F7-4668-BE54-9A1E7A4F7556}") = "Restaurant.Front.Infrastructure", "Restaurant.Front.Infrastructure\Restaurant.Front.Infrastructure.csproj", "{5F747E77-86BB-425A-B491-2353409DEE5E}"
EndProject
Project("{9A19103F-16F7-4668-BE54-9A1E7A4F7556}") = "Restaurant.Front.Repository", "Restaurant.Front.Repository\Restaurant.Front.Repository.csproj", "{DAAA2D0A-465F-4D13-9AE1-D2879B1B7B7E}"
EndProject
Project("{2150E333-8FDC-42A3-9474-1A3956D46DE8}") = "Back", "Back", "{DC579F68-3FBE-43AD-BDFB-AA769B47050A}"
EndProject
Project("{2150E333-8FDC-42A3-9474-1A3956D46DE8}") = "Front", "Front", "{8BB86539-4E4A-409E-9473-C3F98869EBD3}"
EndProject
Project("{9A19103F-16F7-4668-BE54-9A1E7A4F7556}") = "Restaurant.Front.BLL.MsSqlServer", "Restaurant.Front.BLL.MsSqlServer\Restaurant.Front.BLL.MsSqlServer.csproj", "{D185AE16-80C1-4335-AAE6-C17EE8FE4D70}"
EndProject
Project("{9A19103F-16F7-4668-BE54-9A1E7A4F7556}") = "Restaurant.Front.DAL.MsSqlServer", "Restaurant.Front.DAL.MsSqlServer\Restaurant.Front.DAL.MsSqlServer.csproj", "{475EB1B1-AA45-4A7E-9079-B7226D2A110B}"
EndProject
Project("{9A19103F-16F7-4668-BE54-9A1E7A4F7556}") = "Restaurant.Front.Api", "Restaurant.Front.Api\Restaurant.Front.Api.csproj", "{10B75081-CD81-4EF0-A32C-0F79F60E2FF1}"
EndProject
Project("{FAE04EC0-301F-11D3-BF4B-00C04F79EFBC}") = "Restaurant.Front.Blazor", "Restaurant.Front.Blazor\Restaurant.Front.Blazor.csproj", "{0BE95A6B-14DA-4F37-AB1C-461787CEFB50}"
EndProject
Global
	GlobalSection(SolutionConfigurationPlatforms) = preSolution
		Debug|Any CPU = Debug|Any CPU
		Release|Any CPU = Release|Any CPU
	EndGlobalSection
	GlobalSection(ProjectConfigurationPlatforms) = postSolution
		{02640D80-4928-46AE-953A-CC0123EDCC91}.Debug|Any CPU.ActiveCfg = Debug|Any CPU
		{02640D80-4928-46AE-953A-CC0123EDCC91}.Debug|Any CPU.Build.0 = Debug|Any CPU
		{02640D80-4928-46AE-953A-CC0123EDCC91}.Release|Any CPU.ActiveCfg = Release|Any CPU
		{02640D80-4928-46AE-953A-CC0123EDCC91}.Release|Any CPU.Build.0 = Release|Any CPU
		{3DCAA959-CC29-4FD3-AB06-6B7FB42FC791}.Debug|Any CPU.ActiveCfg = Debug|Any CPU
		{3DCAA959-CC29-4FD3-AB06-6B7FB42FC791}.Debug|Any CPU.Build.0 = Debug|Any CPU
		{3DCAA959-CC29-4FD3-AB06-6B7FB42FC791}.Release|Any CPU.ActiveCfg = Release|Any CPU
		{3DCAA959-CC29-4FD3-AB06-6B7FB42FC791}.Release|Any CPU.Build.0 = Release|Any CPU
		{D1DE900B-FB34-4BE4-A316-1116C374EBE3}.Debug|Any CPU.ActiveCfg = Debug|Any CPU
		{D1DE900B-FB34-4BE4-A316-1116C374EBE3}.Debug|Any CPU.Build.0 = Debug|Any CPU
		{D1DE900B-FB34-4BE4-A316-1116C374EBE3}.Release|Any CPU.ActiveCfg = Release|Any CPU
		{D1DE900B-FB34-4BE4-A316-1116C374EBE3}.Release|Any CPU.Build.0 = Release|Any CPU
		{42839305-1223-4E85-9902-D1A08E61C3A6}.Debug|Any CPU.ActiveCfg = Debug|Any CPU
		{42839305-1223-4E85-9902-D1A08E61C3A6}.Debug|Any CPU.Build.0 = Debug|Any CPU
		{42839305-1223-4E85-9902-D1A08E61C3A6}.Release|Any CPU.ActiveCfg = Release|Any CPU
		{42839305-1223-4E85-9902-D1A08E61C3A6}.Release|Any CPU.Build.0 = Release|Any CPU
		{124EA76D-F68D-49D2-B48B-BD7EB0721575}.Debug|Any CPU.ActiveCfg = Debug|Any CPU
		{124EA76D-F68D-49D2-B48B-BD7EB0721575}.Debug|Any CPU.Build.0 = Debug|Any CPU
		{124EA76D-F68D-49D2-B48B-BD7EB0721575}.Release|Any CPU.ActiveCfg = Release|Any CPU
		{124EA76D-F68D-49D2-B48B-BD7EB0721575}.Release|Any CPU.Build.0 = Release|Any CPU
		{27A17373-3DAC-4542-95FB-C5918040B198}.Debug|Any CPU.ActiveCfg = Debug|Any CPU
		{27A17373-3DAC-4542-95FB-C5918040B198}.Debug|Any CPU.Build.0 = Debug|Any CPU
		{27A17373-3DAC-4542-95FB-C5918040B198}.Release|Any CPU.ActiveCfg = Release|Any CPU
		{27A17373-3DAC-4542-95FB-C5918040B198}.Release|Any CPU.Build.0 = Release|Any CPU
		{093A9D3A-50CE-4862-9741-EF1545A3875D}.Debug|Any CPU.ActiveCfg = Debug|Any CPU
		{093A9D3A-50CE-4862-9741-EF1545A3875D}.Debug|Any CPU.Build.0 = Debug|Any CPU
		{093A9D3A-50CE-4862-9741-EF1545A3875D}.Release|Any CPU.ActiveCfg = Release|Any CPU
		{093A9D3A-50CE-4862-9741-EF1545A3875D}.Release|Any CPU.Build.0 = Release|Any CPU
		{5F747E77-86BB-425A-B491-2353409DEE5E}.Debug|Any CPU.ActiveCfg = Debug|Any CPU
		{5F747E77-86BB-425A-B491-2353409DEE5E}.Debug|Any CPU.Build.0 = Debug|Any CPU
		{5F747E77-86BB-425A-B491-2353409DEE5E}.Release|Any CPU.ActiveCfg = Release|Any CPU
		{5F747E77-86BB-425A-B491-2353409DEE5E}.Release|Any CPU.Build.0 = Release|Any CPU
		{DAAA2D0A-465F-4D13-9AE1-D2879B1B7B7E}.Debug|Any CPU.ActiveCfg = Debug|Any CPU
		{DAAA2D0A-465F-4D13-9AE1-D2879B1B7B7E}.Debug|Any CPU.Build.0 = Debug|Any CPU
		{DAAA2D0A-465F-4D13-9AE1-D2879B1B7B7E}.Release|Any CPU.ActiveCfg = Release|Any CPU
		{DAAA2D0A-465F-4D13-9AE1-D2879B1B7B7E}.Release|Any CPU.Build.0 = Release|Any CPU
		{D185AE16-80C1-4335-AAE6-C17EE8FE4D70}.Debug|Any CPU.ActiveCfg = Debug|Any CPU
		{D185AE16-80C1-4335-AAE6-C17EE8FE4D70}.Debug|Any CPU.Build.0 = Debug|Any CPU
		{D185AE16-80C1-4335-AAE6-C17EE8FE4D70}.Release|Any CPU.ActiveCfg = Release|Any CPU
		{D185AE16-80C1-4335-AAE6-C17EE8FE4D70}.Release|Any CPU.Build.0 = Release|Any CPU
		{475EB1B1-AA45-4A7E-9079-B7226D2A110B}.Debug|Any CPU.ActiveCfg = Debug|Any CPU
		{475EB1B1-AA45-4A7E-9079-B7226D2A110B}.Debug|Any CPU.Build.0 = Debug|Any CPU
		{475EB1B1-AA45-4A7E-9079-B7226D2A110B}.Release|Any CPU.ActiveCfg = Release|Any CPU
		{475EB1B1-AA45-4A7E-9079-B7226D2A110B}.Release|Any CPU.Build.0 = Release|Any CPU
		{10B75081-CD81-4EF0-A32C-0F79F60E2FF1}.Debug|Any CPU.ActiveCfg = Debug|Any CPU
		{10B75081-CD81-4EF0-A32C-0F79F60E2FF1}.Debug|Any CPU.Build.0 = Debug|Any CPU
		{10B75081-CD81-4EF0-A32C-0F79F60E2FF1}.Release|Any CPU.ActiveCfg = Release|Any CPU
		{10B75081-CD81-4EF0-A32C-0F79F60E2FF1}.Release|Any CPU.Build.0 = Release|Any CPU
		{0BE95A6B-14DA-4F37-AB1C-461787CEFB50}.Debug|Any CPU.ActiveCfg = Debug|Any CPU
		{0BE95A6B-14DA-4F37-AB1C-461787CEFB50}.Debug|Any CPU.Build.0 = Debug|Any CPU
		{0BE95A6B-14DA-4F37-AB1C-461787CEFB50}.Release|Any CPU.ActiveCfg = Release|Any CPU
		{0BE95A6B-14DA-4F37-AB1C-461787CEFB50}.Release|Any CPU.Build.0 = Release|Any CPU
	EndGlobalSection
	GlobalSection(SolutionProperties) = preSolution
		HideSolutionNode = FALSE
	EndGlobalSection
	GlobalSection(NestedProjects) = preSolution
		{8668E7C8-DE65-4421-B86A-5B8EB14779CE} = {DC579F68-3FBE-43AD-BDFB-AA769B47050A}
		{02640D80-4928-46AE-953A-CC0123EDCC91} = {8668E7C8-DE65-4421-B86A-5B8EB14779CE}
		{3DCAA959-CC29-4FD3-AB06-6B7FB42FC791} = {8668E7C8-DE65-4421-B86A-5B8EB14779CE}
		{D1DE900B-FB34-4BE4-A316-1116C374EBE3} = {DC579F68-3FBE-43AD-BDFB-AA769B47050A}
		{42839305-1223-4E85-9902-D1A08E61C3A6} = {DC579F68-3FBE-43AD-BDFB-AA769B47050A}
		{124EA76D-F68D-49D2-B48B-BD7EB0721575} = {DC579F68-3FBE-43AD-BDFB-AA769B47050A}
		{27A17373-3DAC-4542-95FB-C5918040B198} = {DC579F68-3FBE-43AD-BDFB-AA769B47050A}
		{E5D0E9BB-2B13-4EC9-A890-C74494548DA3} = {8BB86539-4E4A-409E-9473-C3F98869EBD3}
		{093A9D3A-50CE-4862-9741-EF1545A3875D} = {8BB86539-4E4A-409E-9473-C3F98869EBD3}
		{5F747E77-86BB-425A-B491-2353409DEE5E} = {8BB86539-4E4A-409E-9473-C3F98869EBD3}
		{DAAA2D0A-465F-4D13-9AE1-D2879B1B7B7E} = {8BB86539-4E4A-409E-9473-C3F98869EBD3}
		{D185AE16-80C1-4335-AAE6-C17EE8FE4D70} = {E5D0E9BB-2B13-4EC9-A890-C74494548DA3}
		{475EB1B1-AA45-4A7E-9079-B7226D2A110B} = {E5D0E9BB-2B13-4EC9-A890-C74494548DA3}
		{10B75081-CD81-4EF0-A32C-0F79F60E2FF1} = {8BB86539-4E4A-409E-9473-C3F98869EBD3}
		{0BE95A6B-14DA-4F37-AB1C-461787CEFB50} = {8BB86539-4E4A-409E-9473-C3F98869EBD3}
	EndGlobalSection
	GlobalSection(ExtensibilityGlobals) = postSolution
		SolutionGuid = {5264718A-3B79-40BE-ADE4-4AA864397B25}
	EndGlobalSection
EndGlobal
